// !$*UTF8*$!
{
	archiveVersion = 1;
	classes = {
	};
	objectVersion = 48;
	objects = {

/* Begin PBXBuildFile section */
		3266054C5215D810A8258A52 /* Pods_ToDoRealm.framework in Frameworks */ = {isa = PBXBuildFile; fileRef = F1AB26922B0696AC8AB318F4 /* Pods_ToDoRealm.framework */; };
		C3469C991FA8E943005F4114 /* Storyboard+Extensions.swift in Sources */ = {isa = PBXBuildFile; fileRef = C3469C981FA8E943005F4114 /* Storyboard+Extensions.swift */; };
		C3469C9B1FA8E95A005F4114 /* UIViewController+Extensions.swift in Sources */ = {isa = PBXBuildFile; fileRef = C3469C9A1FA8E95A005F4114 /* UIViewController+Extensions.swift */; };
		C3469C9D1FA8F8D8005F4114 /* TaskTableViewCell.swift in Sources */ = {isa = PBXBuildFile; fileRef = C3469C9C1FA8F8D8005F4114 /* TaskTableViewCell.swift */; };
		C3469C9F1FA900AE005F4114 /* UITableView+Extensions.swift in Sources */ = {isa = PBXBuildFile; fileRef = C3469C9E1FA900AE005F4114 /* UITableView+Extensions.swift */; };
		C37831FC1FA8DDCA00622D94 /* AppDelegate.swift in Sources */ = {isa = PBXBuildFile; fileRef = C37831FB1FA8DDCA00622D94 /* AppDelegate.swift */; };
		C37831FE1FA8DDCA00622D94 /* TasksListViewController.swift in Sources */ = {isa = PBXBuildFile; fileRef = C37831FD1FA8DDCA00622D94 /* TasksListViewController.swift */; };
		C37832011FA8DDCA00622D94 /* TasksListViewController.storyboard in Resources */ = {isa = PBXBuildFile; fileRef = C37831FF1FA8DDCA00622D94 /* TasksListViewController.storyboard */; };
		C37832031FA8DDCA00622D94 /* Assets.xcassets in Resources */ = {isa = PBXBuildFile; fileRef = C37832021FA8DDCA00622D94 /* Assets.xcassets */; };
		C37832061FA8DDCA00622D94 /* LaunchScreen.storyboard in Resources */ = {isa = PBXBuildFile; fileRef = C37832041FA8DDCA00622D94 /* LaunchScreen.storyboard */; };
		C37832101FA8E39E00622D94 /* CreateTaskViewController.swift in Sources */ = {isa = PBXBuildFile; fileRef = C378320F1FA8E39E00622D94 /* CreateTaskViewController.swift */; };
		C37832121FA8E3A700622D94 /* CreateTaskViewController.storyboard in Resources */ = {isa = PBXBuildFile; fileRef = C37832111FA8E3A700622D94 /* CreateTaskViewController.storyboard */; };
		C37832151FA8E66400622D94 /* Task.swift in Sources */ = {isa = PBXBuildFile; fileRef = C37832141FA8E66400622D94 /* Task.swift */; };
/* End PBXBuildFile section */

/* Begin PBXFileReference section */
		11EF7B2EF864E56A4038FF88 /* Pods-ToDoRealm.debug.xcconfig */ = {isa = PBXFileReference; includeInIndex = 1; lastKnownFileType = text.xcconfig; name = "Pods-ToDoRealm.debug.xcconfig"; path = "Pods/Target Support Files/Pods-ToDoRealm/Pods-ToDoRealm.debug.xcconfig"; sourceTree = "<group>"; };
		88DCCD93007BA91826C729F3 /* Pods-ToDoRealm.release.xcconfig */ = {isa = PBXFileReference; includeInIndex = 1; lastKnownFileType = text.xcconfig; name = "Pods-ToDoRealm.release.xcconfig"; path = "Pods/Target Support Files/Pods-ToDoRealm/Pods-ToDoRealm.release.xcconfig"; sourceTree = "<group>"; };
		C3469C981FA8E943005F4114 /* Storyboard+Extensions.swift */ = {isa = PBXFileReference; lastKnownFileType = sourcecode.swift; path = "Storyboard+Extensions.swift"; sourceTree = "<group>"; };
		C3469C9A1FA8E95A005F4114 /* UIViewController+Extensions.swift */ = {isa = PBXFileReference; lastKnownFileType = sourcecode.swift; path = "UIViewController+Extensions.swift"; sourceTree = "<group>"; };
		C3469C9C1FA8F8D8005F4114 /* TaskTableViewCell.swift */ = {isa = PBXFileReference; lastKnownFileType = sourcecode.swift; path = TaskTableViewCell.swift; sourceTree = "<group>"; };
		C3469C9E1FA900AE005F4114 /* UITableView+Extensions.swift */ = {isa = PBXFileReference; lastKnownFileType = sourcecode.swift; path = "UITableView+Extensions.swift"; sourceTree = "<group>"; };
		C37831F81FA8DDCA00622D94 /* ToDoRealm.app */ = {isa = PBXFileReference; explicitFileType = wrapper.application; includeInIndex = 0; path = ToDoRealm.app; sourceTree = BUILT_PRODUCTS_DIR; };
		C37831FB1FA8DDCA00622D94 /* AppDelegate.swift */ = {isa = PBXFileReference; lastKnownFileType = sourcecode.swift; path = AppDelegate.swift; sourceTree = "<group>"; };
		C37831FD1FA8DDCA00622D94 /* TasksListViewController.swift */ = {isa = PBXFileReference; lastKnownFileType = sourcecode.swift; path = TasksListViewController.swift; sourceTree = "<group>"; };
		C37832001FA8DDCA00622D94 /* Base */ = {isa = PBXFileReference; lastKnownFileType = file.storyboard; name = Base; path = Base.lproj/TasksListViewController.storyboard; sourceTree = "<group>"; };
		C37832021FA8DDCA00622D94 /* Assets.xcassets */ = {isa = PBXFileReference; lastKnownFileType = folder.assetcatalog; path = Assets.xcassets; sourceTree = "<group>"; };
		C37832051FA8DDCA00622D94 /* Base */ = {isa = PBXFileReference; lastKnownFileType = file.storyboard; name = Base; path = Base.lproj/LaunchScreen.storyboard; sourceTree = "<group>"; };
		C37832071FA8DDCA00622D94 /* Info.plist */ = {isa = PBXFileReference; lastKnownFileType = text.plist.xml; path = Info.plist; sourceTree = "<group>"; };
		C378320F1FA8E39E00622D94 /* CreateTaskViewController.swift */ = {isa = PBXFileReference; lastKnownFileType = sourcecode.swift; path = CreateTaskViewController.swift; sourceTree = "<group>"; };
		C37832111FA8E3A700622D94 /* CreateTaskViewController.storyboard */ = {isa = PBXFileReference; lastKnownFileType = file.storyboard; path = CreateTaskViewController.storyboard; sourceTree = "<group>"; };
		C37832141FA8E66400622D94 /* Task.swift */ = {isa = PBXFileReference; lastKnownFileType = sourcecode.swift; path = Task.swift; sourceTree = "<group>"; };
		F1AB26922B0696AC8AB318F4 /* Pods_ToDoRealm.framework */ = {isa = PBXFileReference; explicitFileType = wrapper.framework; includeInIndex = 0; path = Pods_ToDoRealm.framework; sourceTree = BUILT_PRODUCTS_DIR; };
/* End PBXFileReference section */

/* Begin PBXFrameworksBuildPhase section */
		C37831F51FA8DDCA00622D94 /* Frameworks */ = {
			isa = PBXFrameworksBuildPhase;
			buildActionMask = 2147483647;
			files = (
				3266054C5215D810A8258A52 /* Pods_ToDoRealm.framework in Frameworks */,
			);
			runOnlyForDeploymentPostprocessing = 0;
		};
/* End PBXFrameworksBuildPhase section */

/* Begin PBXGroup section */
		274829999E33D1A0827E6B33 /* Pods */ = {
			isa = PBXGroup;
			children = (
				11EF7B2EF864E56A4038FF88 /* Pods-ToDoRealm.debug.xcconfig */,
				88DCCD93007BA91826C729F3 /* Pods-ToDoRealm.release.xcconfig */,
			);
			name = Pods;
			sourceTree = "<group>";
		};
		3E386058A5A9A67BAAA07268 /* Frameworks */ = {
			isa = PBXGroup;
			children = (
				F1AB26922B0696AC8AB318F4 /* Pods_ToDoRealm.framework */,
			);
			name = Frameworks;
			sourceTree = "<group>";
		};
		C3469C971FA8E8C7005F4114 /* Extensions */ = {
			isa = PBXGroup;
			children = (
				C3469C981FA8E943005F4114 /* Storyboard+Extensions.swift */,
				C3469C9A1FA8E95A005F4114 /* UIViewController+Extensions.swift */,
				C3469C9E1FA900AE005F4114 /* UITableView+Extensions.swift */,
			);
			path = Extensions;
			sourceTree = "<group>";
		};
		C37831EF1FA8DDCA00622D94 = {
			isa = PBXGroup;
			children = (
				C37831FA1FA8DDCA00622D94 /* ToDoRealm */,
				C37831F91FA8DDCA00622D94 /* Products */,
				274829999E33D1A0827E6B33 /* Pods */,
				3E386058A5A9A67BAAA07268 /* Frameworks */,
			);
			sourceTree = "<group>";
		};
		C37831F91FA8DDCA00622D94 /* Products */ = {
			isa = PBXGroup;
			children = (
				C37831F81FA8DDCA00622D94 /* ToDoRealm.app */,
			);
			name = Products;
			sourceTree = "<group>";
		};
		C37831FA1FA8DDCA00622D94 /* ToDoRealm */ = {
			isa = PBXGroup;
			children = (
				C37831FB1FA8DDCA00622D94 /* AppDelegate.swift */,
				C3469C971FA8E8C7005F4114 /* Extensions */,
				C37832131FA8E65700622D94 /* Model */,
				C378320E1FA8E35C00622D94 /* CreateEditTask */,
				C378320D1FA8E10F00622D94 /* TasksList */,
				C37832021FA8DDCA00622D94 /* Assets.xcassets */,
				C37832041FA8DDCA00622D94 /* LaunchScreen.storyboard */,
				C37832071FA8DDCA00622D94 /* Info.plist */,
			);
			path = ToDoRealm;
			sourceTree = "<group>";
		};
		C378320D1FA8E10F00622D94 /* TasksList */ = {
			isa = PBXGroup;
			children = (
				C37831FD1FA8DDCA00622D94 /* TasksListViewController.swift */,
				C37831FF1FA8DDCA00622D94 /* TasksListViewController.storyboard */,
				C3469C9C1FA8F8D8005F4114 /* TaskTableViewCell.swift */,
			);
			path = TasksList;
			sourceTree = "<group>";
		};
		C378320E1FA8E35C00622D94 /* CreateEditTask */ = {
			isa = PBXGroup;
			children = (
				C378320F1FA8E39E00622D94 /* CreateTaskViewController.swift */,
				C37832111FA8E3A700622D94 /* CreateTaskViewController.storyboard */,
			);
			path = CreateEditTask;
			sourceTree = "<group>";
		};
		C37832131FA8E65700622D94 /* Model */ = {
			isa = PBXGroup;
			children = (
				C37832141FA8E66400622D94 /* Task.swift */,
			);
			path = Model;
			sourceTree = "<group>";
		};
/* End PBXGroup section */

/* Begin PBXNativeTarget section */
		C37831F71FA8DDCA00622D94 /* ToDoRealm */ = {
			isa = PBXNativeTarget;
			buildConfigurationList = C378320A1FA8DDCB00622D94 /* Build configuration list for PBXNativeTarget "ToDoRealm" */;
			buildPhases = (
				B3EF320B54A87F2193D4E046 /* [CP] Check Pods Manifest.lock */,
				C37831F41FA8DDCA00622D94 /* Sources */,
				C37831F51FA8DDCA00622D94 /* Frameworks */,
				C37831F61FA8DDCA00622D94 /* Resources */,
				5FAAFB4F041CA989BE151AC4 /* [CP] Embed Pods Frameworks */,
				618E8741D0DC1822B9FB10C6 /* [CP] Copy Pods Resources */,
			);
			buildRules = (
			);
			dependencies = (
			);
			name = ToDoRealm;
			productName = ToDoRealm;
			productReference = C37831F81FA8DDCA00622D94 /* ToDoRealm.app */;
			productType = "com.apple.product-type.application";
		};
/* End PBXNativeTarget section */

/* Begin PBXProject section */
		C37831F01FA8DDCA00622D94 /* Project object */ = {
			isa = PBXProject;
			attributes = {
				LastSwiftUpdateCheck = 0900;
				LastUpgradeCheck = 0900;
				ORGANIZATIONNAME = "Antonio Alves";
				TargetAttributes = {
					C37831F71FA8DDCA00622D94 = {
						CreatedOnToolsVersion = 9.0;
						ProvisioningStyle = Automatic;
					};
				};
			};
			buildConfigurationList = C37831F31FA8DDCA00622D94 /* Build configuration list for PBXProject "ToDoRealm" */;
			compatibilityVersion = "Xcode 8.0";
			developmentRegion = en;
			hasScannedForEncodings = 0;
			knownRegions = (
				en,
				Base,
			);
			mainGroup = C37831EF1FA8DDCA00622D94;
			productRefGroup = C37831F91FA8DDCA00622D94 /* Products */;
			projectDirPath = "";
			projectRoot = "";
			targets = (
				C37831F71FA8DDCA00622D94 /* ToDoRealm */,
			);
		};
/* End PBXProject section */

/* Begin PBXResourcesBuildPhase section */
		C37831F61FA8DDCA00622D94 /* Resources */ = {
			isa = PBXResourcesBuildPhase;
			buildActionMask = 2147483647;
			files = (
				C37832121FA8E3A700622D94 /* CreateTaskViewController.storyboard in Resources */,
				C37832061FA8DDCA00622D94 /* LaunchScreen.storyboard in Resources */,
				C37832031FA8DDCA00622D94 /* Assets.xcassets in Resources */,
				C37832011FA8DDCA00622D94 /* TasksListViewController.storyboard in Resources */,
			);
			runOnlyForDeploymentPostprocessing = 0;
		};
/* End PBXResourcesBuildPhase section */

/* Begin PBXShellScriptBuildPhase section */
		5FAAFB4F041CA989BE151AC4 /* [CP] Embed Pods Frameworks */ = {
			isa = PBXShellScriptBuildPhase;
			buildActionMask = 2147483647;
			files = (
			);
			inputPaths = (
				"${SRCROOT}/Pods/Target Support Files/Pods-ToDoRealm/Pods-ToDoRealm-frameworks.sh",
				"${BUILT_PRODUCTS_DIR}/Realm/Realm.framework",
				"${BUILT_PRODUCTS_DIR}/RealmSwift/RealmSwift.framework",
			);
			name = "[CP] Embed Pods Frameworks";
			outputPaths = (
				"${TARGET_BUILD_DIR}/${FRAMEWORKS_FOLDER_PATH}/Realm.framework",
				"${TARGET_BUILD_DIR}/${FRAMEWORKS_FOLDER_PATH}/RealmSwift.framework",
			);
			runOnlyForDeploymentPostprocessing = 0;
			shellPath = /bin/sh;
			shellScript = "\"${SRCROOT}/Pods/Target Support Files/Pods-ToDoRealm/Pods-ToDoRealm-frameworks.sh\"\n";
			showEnvVarsInLog = 0;
		};
		618E8741D0DC1822B9FB10C6 /* [CP] Copy Pods Resources */ = {
			isa = PBXShellScriptBuildPhase;
			buildActionMask = 2147483647;
			files = (
			);
			inputPaths = (
			);
			name = "[CP] Copy Pods Resources";
			outputPaths = (
			);
			runOnlyForDeploymentPostprocessing = 0;
			shellPath = /bin/sh;
			shellScript = "\"${SRCROOT}/Pods/Target Support Files/Pods-ToDoRealm/Pods-ToDoRealm-resources.sh\"\n";
			showEnvVarsInLog = 0;
		};
		B3EF320B54A87F2193D4E046 /* [CP] Check Pods Manifest.lock */ = {
			isa = PBXShellScriptBuildPhase;
			buildActionMask = 2147483647;
			files = (
			);
			inputPaths = (
				"${PODS_PODFILE_DIR_PATH}/Podfile.lock",
				"${PODS_ROOT}/Manifest.lock",
			);
			name = "[CP] Check Pods Manifest.lock";
			outputPaths = (
				"$(DERIVED_FILE_DIR)/Pods-ToDoRealm-checkManifestLockResult.txt",
			);
			runOnlyForDeploymentPostprocessing = 0;
			shellPath = /bin/sh;
			shellScript = "diff \"${PODS_PODFILE_DIR_PATH}/Podfile.lock\" \"${PODS_ROOT}/Manifest.lock\" > /dev/null\nif [ $? != 0 ] ; then\n    # print error to STDERR\n    echo \"error: The sandbox is not in sync with the Podfile.lock. Run 'pod install' or update your CocoaPods installation.\" >&2\n    exit 1\nfi\n# This output is used by Xcode 'outputs' to avoid re-running this script phase.\necho \"SUCCESS\" > \"${SCRIPT_OUTPUT_FILE_0}\"\n";
			showEnvVarsInLog = 0;
		};
/* End PBXShellScriptBuildPhase section */

/* Begin PBXSourcesBuildPhase section */
		C37831F41FA8DDCA00622D94 /* Sources */ = {
			isa = PBXSourcesBuildPhase;
			buildActionMask = 2147483647;
			files = (
				C3469C9D1FA8F8D8005F4114 /* TaskTableViewCell.swift in Sources */,
				C3469C991FA8E943005F4114 /* Storyboard+Extensions.swift in Sources */,
				C37832151FA8E66400622D94 /* Task.swift in Sources */,
				C3469C9F1FA900AE005F4114 /* UITableView+Extensions.swift in Sources */,
				C37831FE1FA8DDCA00622D94 /* TasksListViewController.swift in Sources */,
				C37831FC1FA8DDCA00622D94 /* AppDelegate.swift in Sources */,
				C3469C9B1FA8E95A005F4114 /* UIViewController+Extensions.swift in Sources */,
				C37832101FA8E39E00622D94 /* CreateTaskViewController.swift in Sources */,
			);
			runOnlyForDeploymentPostprocessing = 0;
		};
/* End PBXSourcesBuildPhase section */

/* Begin PBXVariantGroup section */
		C37831FF1FA8DDCA00622D94 /* TasksListViewController.storyboard */ = {
			isa = PBXVariantGroup;
			children = (
				C37832001FA8DDCA00622D94 /* Base */,
			);
			name = TasksListViewController.storyboard;
			sourceTree = "<group>";
		};
		C37832041FA8DDCA00622D94 /* LaunchScreen.storyboard */ = {
			isa = PBXVariantGroup;
			children = (
				C37832051FA8DDCA00622D94 /* Base */,
			);
			name = LaunchScreen.storyboard;
			sourceTree = "<group>";
		};
/* End PBXVariantGroup section */

/* Begin XCBuildConfiguration section */
		C37832081FA8DDCB00622D94 /* Debug */ = {
			isa = XCBuildConfiguration;
			buildSettings = {
				ALWAYS_SEARCH_USER_PATHS = NO;
				CLANG_ANALYZER_NONNULL = YES;
				CLANG_ANALYZER_NUMBER_OBJECT_CONVERSION = YES_AGGRESSIVE;
				CLANG_CXX_LANGUAGE_STANDARD = "gnu++14";
				CLANG_CXX_LIBRARY = "libc++";
				CLANG_ENABLE_MODULES = YES;
				CLANG_ENABLE_OBJC_ARC = YES;
				CLANG_WARN_BLOCK_CAPTURE_AUTORELEASING = YES;
				CLANG_WARN_BOOL_CONVERSION = YES;
				CLANG_WARN_COMMA = YES;
				CLANG_WARN_CONSTANT_CONVERSION = YES;
				CLANG_WARN_DIRECT_OBJC_ISA_USAGE = YES_ERROR;
				CLANG_WARN_DOCUMENTATION_COMMENTS = YES;
				CLANG_WARN_EMPTY_BODY = YES;
				CLANG_WARN_ENUM_CONVERSION = YES;
				CLANG_WARN_INFINITE_RECURSION = YES;
				CLANG_WARN_INT_CONVERSION = YES;
				CLANG_WARN_NON_LITERAL_NULL_CONVERSION = YES;
				CLANG_WARN_OBJC_LITERAL_CONVERSION = YES;
				CLANG_WARN_OBJC_ROOT_CLASS = YES_ERROR;
				CLANG_WARN_RANGE_LOOP_ANALYSIS = YES;
				CLANG_WARN_STRICT_PROTOTYPES = YES;
				CLANG_WARN_SUSPICIOUS_MOVE = YES;
				CLANG_WARN_UNGUARDED_AVAILABILITY = YES_AGGRESSIVE;
				CLANG_WARN_UNREACHABLE_CODE = YES;
				CLANG_WARN__DUPLICATE_METHOD_MATCH = YES;
				CODE_SIGN_IDENTITY = "iPhone Developer";
				COPY_PHASE_STRIP = NO;
				DEBUG_INFORMATION_FORMAT = dwarf;
				ENABLE_STRICT_OBJC_MSGSEND = YES;
				ENABLE_TESTABILITY = YES;
				GCC_C_LANGUAGE_STANDARD = gnu11;
				GCC_DYNAMIC_NO_PIC = NO;
				GCC_NO_COMMON_BLOCKS = YES;
				GCC_OPTIMIZATION_LEVEL = 0;
				GCC_PREPROCESSOR_DEFINITIONS = (
					"DEBUG=1",
					"$(inherited)",
				);
				GCC_WARN_64_TO_32_BIT_CONVERSION = YES;
				GCC_WARN_ABOUT_RETURN_TYPE = YES_ERROR;
				GCC_WARN_UNDECLARED_SELECTOR = YES;
				GCC_WARN_UNINITIALIZED_AUTOS = YES_AGGRESSIVE;
				GCC_WARN_UNUSED_FUNCTION = YES;
				GCC_WARN_UNUSED_VARIABLE = YES;
				IPHONEOS_DEPLOYMENT_TARGET = 11.0;
				MTL_ENABLE_DEBUG_INFO = YES;
				ONLY_ACTIVE_ARCH = YES;
				SDKROOT = iphoneos;
				SWIFT_ACTIVE_COMPILATION_CONDITIONS = DEBUG;
				SWIFT_OPTIMIZATION_LEVEL = "-Onone";
			};
			name = Debug;
		};
		C37832091FA8DDCB00622D94 /* Release */ = {
			isa = XCBuildConfiguration;
			buildSettings = {
				ALWAYS_SEARCH_USER_PATHS = NO;
				CLANG_ANALYZER_NONNULL = YES;
				CLANG_ANALYZER_NUMBER_OBJECT_CONVERSION = YES_AGGRESSIVE;
				CLANG_CXX_LANGUAGE_STANDARD = "gnu++14";
				CLANG_CXX_LIBRARY = "libc++";
				CLANG_ENABLE_MODULES = YES;
				CLANG_ENABLE_OBJC_ARC = YES;
				CLANG_WARN_BLOCK_CAPTURE_AUTORELEASING = YES;
				CLANG_WARN_BOOL_CONVERSION = YES;
				CLANG_WARN_COMMA = YES;
				CLANG_WARN_CONSTANT_CONVERSION = YES;
				CLANG_WARN_DIRECT_OBJC_ISA_USAGE = YES_ERROR;
				CLANG_WARN_DOCUMENTATION_COMMENTS = YES;
				CLANG_WARN_EMPTY_BODY = YES;
				CLANG_WARN_ENUM_CONVERSION = YES;
				CLANG_WARN_INFINITE_RECURSION = YES;
				CLANG_WARN_INT_CONVERSION = YES;
				CLANG_WARN_NON_LITERAL_NULL_CONVERSION = YES;
				CLANG_WARN_OBJC_LITERAL_CONVERSION = YES;
				CLANG_WARN_OBJC_ROOT_CLASS = YES_ERROR;
				CLANG_WARN_RANGE_LOOP_ANALYSIS = YES;
				CLANG_WARN_STRICT_PROTOTYPES = YES;
				CLANG_WARN_SUSPICIOUS_MOVE = YES;
				CLANG_WARN_UNGUARDED_AVAILABILITY = YES_AGGRESSIVE;
				CLANG_WARN_UNREACHABLE_CODE = YES;
				CLANG_WARN__DUPLICATE_METHOD_MATCH = YES;
				CODE_SIGN_IDENTITY = "iPhone Developer";
				COPY_PHASE_STRIP = NO;
				DEBUG_INFORMATION_FORMAT = "dwarf-with-dsym";
				ENABLE_NS_ASSERTIONS = NO;
				ENABLE_STRICT_OBJC_MSGSEND = YES;
				GCC_C_LANGUAGE_STANDARD = gnu11;
				GCC_NO_COMMON_BLOCKS = YES;
				GCC_WARN_64_TO_32_BIT_CONVERSION = YES;
				GCC_WARN_ABOUT_RETURN_TYPE = YES_ERROR;
				GCC_WARN_UNDECLARED_SELECTOR = YES;
				GCC_WARN_UNINITIALIZED_AUTOS = YES_AGGRESSIVE;
				GCC_WARN_UNUSED_FUNCTION = YES;
				GCC_WARN_UNUSED_VARIABLE = YES;
				IPHONEOS_DEPLOYMENT_TARGET = 11.0;
				MTL_ENABLE_DEBUG_INFO = NO;
				SDKROOT = iphoneos;
				SWIFT_OPTIMIZATION_LEVEL = "-Owholemodule";
				VALIDATE_PRODUCT = YES;
			};
			name = Release;
		};
		C378320B1FA8DDCB00622D94 /* Debug */ = {
			isa = XCBuildConfiguration;
			baseConfigurationReference = 11EF7B2EF864E56A4038FF88 /* Pods-ToDoRealm.debug.xcconfig */;
			buildSettings = {
				ASSETCATALOG_COMPILER_APPICON_NAME = AppIcon;
				CODE_SIGN_STYLE = Automatic;
				DEVELOPMENT_TEAM = YENA34BLHT;
				INFOPLIST_FILE = ToDoRealm/Info.plist;
				IPHONEOS_DEPLOYMENT_TARGET = 11.0;
				LD_RUNPATH_SEARCH_PATHS = "$(inherited) @executable_path/Frameworks";
				PRODUCT_BUNDLE_IDENTIFIER = com.nschucky.ToDoRealm;
				PRODUCT_NAME = "$(TARGET_NAME)";
				SWIFT_VERSION = 4.0;
				TARGETED_DEVICE_FAMILY = "1,2";
			};
			name = Debug;
		};
		C378320C1FA8DDCB00622D94 /* Release */ = {
			isa = XCBuildConfiguration;
			baseConfigurationReference = 88DCCD93007BA91826C729F3 /* Pods-ToDoRealm.release.xcconfig */;
			buildSettings = {
				ASSETCATALOG_COMPILER_APPICON_NAME = AppIcon;
				CODE_SIGN_STYLE = Automatic;
				DEVELOPMENT_TEAM = YENA34BLHT;
				INFOPLIST_FILE = ToDoRealm/Info.plist;
				IPHONEOS_DEPLOYMENT_TARGET = 11.0;
				LD_RUNPATH_SEARCH_PATHS = "$(inherited) @executable_path/Frameworks";
				PRODUCT_BUNDLE_IDENTIFIER = com.nschucky.ToDoRealm;
				PRODUCT_NAME = "$(TARGET_NAME)";
				SWIFT_VERSION = 4.0;
				TARGETED_DEVICE_FAMILY = "1,2";
			};
			name = Release;
		};
/* End XCBuildConfiguration section */

/* Begin XCConfigurationList section */
		C37831F31FA8DDCA00622D94 /* Build configuration list for PBXProject "ToDoRealm" */ = {
			isa = XCConfigurationList;
			buildConfigurations = (
				C37832081FA8DDCB00622D94 /* Debug */,
				C37832091FA8DDCB00622D94 /* Release */,
			);
			defaultConfigurationIsVisible = 0;
			defaultConfigurationName = Release;
		};
		C378320A1FA8DDCB00622D94 /* Build configuration list for PBXNativeTarget "ToDoRealm" */ = {
			isa = XCConfigurationList;
			buildConfigurations = (
				C378320B1FA8DDCB00622D94 /* Debug */,
				C378320C1FA8DDCB00622D94 /* Release */,
			);
			defaultConfigurationIsVisible = 0;
			defaultConfigurationName = Release;
		};
/* End XCConfigurationList section */
	};
	rootObject = C37831F01FA8DDCA00622D94 /* Project object */;
}
